
Microsoft Visual Studio Solution File, Format Version 12.00
Project("{FAE04EC0-301F-11D3-BF4B-00C04F79EFBC}") = "AppLaunch.Core", "app-launch-template\AppLaunch\AppLaunch.Core.csproj", "{C8FE7E6D-D6BE-4F8B-8C7F-114E3BEBB159}"
EndProject
Global
	GlobalSection(SolutionConfigurationPlatforms) = preSolution
		Debug|Any CPU = Debug|Any CPU
		Release|Any CPU = Release|Any CPU
	EndGlobalSection
	GlobalSection(ProjectConfigurationPlatforms) = postSolution
		{C8FE7E6D-D6BE-4F8B-8C7F-114E3BEBB159}.Debug|Any CPU.ActiveCfg = Debug|Any CPU
		{C8FE7E6D-D6BE-4F8B-8C7F-114E3BEBB159}.Debug|Any CPU.Build.0 = Debug|Any CPU
		{C8FE7E6D-D6BE-4F8B-8C7F-114E3BEBB159}.Release|Any CPU.ActiveCfg = Release|Any CPU
		{C8FE7E6D-D6BE-4F8B-8C7F-114E3BEBB159}.Release|Any CPU.Build.0 = Release|Any CPU
	EndGlobalSection
EndGlobal
